
Microsoft Visual Studio Solution File, Format Version 12.00
# Visual Studio Version 16
VisualStudioVersion = 16.0.30104.148
MinimumVisualStudioVersion = 10.0.40219.1
Project("{FAE04EC0-301F-11D3-BF4B-00C04F79EFBC}") = "TiendaServicios.Api.Autor", "TiendaServicios.Api.Autor\TiendaServicios.Api.Autor.csproj", "{C756A0CB-9CF8-4363-9303-AC5F1CF48958}"
EndProject
Project("{FAE04EC0-301F-11D3-BF4B-00C04F79EFBC}") = "TiendaServicios.Api.Libro", "TiendaServicios.Api.Libro\TiendaServicios.Api.Libro.csproj", "{949490DA-F71B-4DA3-BA59-1109B358BA08}"
EndProject
Project("{FAE04EC0-301F-11D3-BF4B-00C04F79EFBC}") = "TiendaServicios.Api.CarritoCompra", "TiendaServicios.Api.CarritoCompra\TiendaServicios.Api.CarritoCompra.csproj", "{554CDB84-F3CC-4354-B175-43375EE09ABE}"
EndProject
Global
	GlobalSection(SolutionConfigurationPlatforms) = preSolution
		Debug|Any CPU = Debug|Any CPU
		Release|Any CPU = Release|Any CPU
	EndGlobalSection
	GlobalSection(ProjectConfigurationPlatforms) = postSolution
		{C756A0CB-9CF8-4363-9303-AC5F1CF48958}.Debug|Any CPU.ActiveCfg = Debug|Any CPU
		{C756A0CB-9CF8-4363-9303-AC5F1CF48958}.Debug|Any CPU.Build.0 = Debug|Any CPU
		{C756A0CB-9CF8-4363-9303-AC5F1CF48958}.Release|Any CPU.ActiveCfg = Release|Any CPU
		{C756A0CB-9CF8-4363-9303-AC5F1CF48958}.Release|Any CPU.Build.0 = Release|Any CPU
		{949490DA-F71B-4DA3-BA59-1109B358BA08}.Debug|Any CPU.ActiveCfg = Debug|Any CPU
		{949490DA-F71B-4DA3-BA59-1109B358BA08}.Debug|Any CPU.Build.0 = Debug|Any CPU
		{949490DA-F71B-4DA3-BA59-1109B358BA08}.Release|Any CPU.ActiveCfg = Release|Any CPU
		{949490DA-F71B-4DA3-BA59-1109B358BA08}.Release|Any CPU.Build.0 = Release|Any CPU
		{554CDB84-F3CC-4354-B175-43375EE09ABE}.Debug|Any CPU.ActiveCfg = Debug|Any CPU
		{554CDB84-F3CC-4354-B175-43375EE09ABE}.Debug|Any CPU.Build.0 = Debug|Any CPU
		{554CDB84-F3CC-4354-B175-43375EE09ABE}.Release|Any CPU.ActiveCfg = Release|Any CPU
		{554CDB84-F3CC-4354-B175-43375EE09ABE}.Release|Any CPU.Build.0 = Release|Any CPU
	EndGlobalSection
	GlobalSection(SolutionProperties) = preSolution
		HideSolutionNode = FALSE
	EndGlobalSection
	GlobalSection(ExtensibilityGlobals) = postSolution
		SolutionGuid = {BFE0BB7E-1164-4AC7-BF3C-6A97D27A0792}
	EndGlobalSection
EndGlobal
